
Microsoft Visual Studio Solution File, Format Version 12.00
# Visual Studio Version 16
VisualStudioVersion = 16.0.32126.315
MinimumVisualStudioVersion = 10.0.40219.1
Project("{8BC9CEB8-8B4A-11D0-8D11-00A0C91BC942}") = "Calculator", "Calculator\Calculator.vcxproj", "{7BC56ED4-6DA5-4DF6-A282-0E4E348F19A7}"
EndProject
Project("{8BC9CEB8-8B4A-11D0-8D11-00A0C91BC942}") = "CalculatorTests", "CalculatorTests\CalculatorTests.vcxproj", "{43065456-BF6C-4F01-8A48-96423EA445B7}"
EndProject
Global
	GlobalSection(SolutionConfigurationPlatforms) = preSolution
		Debug|x64 = Debug|x64
		Debug|x86 = Debug|x86
		Release|x64 = Release|x64
		Release|x86 = Release|x86
	EndGlobalSection
	GlobalSection(ProjectConfigurationPlatforms) = postSolution
		{7BC56ED4-6DA5-4DF6-A282-0E4E348F19A7}.Debug|x64.ActiveCfg = Debug|x64
		{7BC56ED4-6DA5-4DF6-A282-0E4E348F19A7}.Debug|x64.Build.0 = Debug|x64
		{7BC56ED4-6DA5-4DF6-A282-0E4E348F19A7}.Debug|x86.ActiveCfg = Debug|Win32
		{7BC56ED4-6DA5-4DF6-A282-0E4E348F19A7}.Debug|x86.Build.0 = Debug|Win32
		{7BC56ED4-6DA5-4DF6-A282-0E4E348F19A7}.Release|x64.ActiveCfg = Release|x64
		{7BC56ED4-6DA5-4DF6-A282-0E4E348F19A7}.Release|x64.Build.0 = Release|x64
		{7BC56ED4-6DA5-4DF6-A282-0E4E348F19A7}.Release|x86.ActiveCfg = Release|Win32
		{7BC56ED4-6DA5-4DF6-A282-0E4E348F19A7}.Release|x86.Build.0 = Release|Win32
		{43065456-BF6C-4F01-8A48-96423EA445B7}.Debug|x64.ActiveCfg = Debug|x64
		{43065456-BF6C-4F01-8A48-96423EA445B7}.Debug|x64.Build.0 = Debug|x64
		{43065456-BF6C-4F01-8A48-96423EA445B7}.Debug|x86.ActiveCfg = Debug|Win32
		{43065456-BF6C-4F01-8A48-96423EA445B7}.Debug|x86.Build.0 = Debug|Win32
		{43065456-BF6C-4F01-8A48-96423EA445B7}.Release|x64.ActiveCfg = Release|x64
		{43065456-BF6C-4F01-8A48-96423EA445B7}.Release|x64.Build.0 = Release|x64
		{43065456-BF6C-4F01-8A48-96423EA445B7}.Release|x86.ActiveCfg = Release|Win32
		{43065456-BF6C-4F01-8A48-96423EA445B7}.Release|x86.Build.0 = Release|Win32
	EndGlobalSection
	GlobalSection(SolutionProperties) = preSolution
		HideSolutionNode = FALSE
	EndGlobalSection
	GlobalSection(ExtensibilityGlobals) = postSolution
		SolutionGuid = {E8F34B84-1A13-496E-B35C-28B2CF35F776}
	EndGlobalSection
EndGlobal
